
Microsoft Visual Studio Solution File, Format Version 12.00
# Visual Studio Version 16
VisualStudioVersion = 16.0.30413.136
MinimumVisualStudioVersion = 10.0.40219.1
Project("{FAE04EC0-301F-11D3-BF4B-00C04F79EFBC}") = "PS-213020-SOLEK", "PS-213020-SOLEK\PS-213020-SOLEK.csproj", "{ED7BCBCC-BC13-4C2A-BB91-8CFCEE08F061}"
EndProject
Global
	GlobalSection(SolutionConfigurationPlatforms) = preSolution
		Debug|Any CPU = Debug|Any CPU
		Release|Any CPU = Release|Any CPU
	EndGlobalSection
	GlobalSection(ProjectConfigurationPlatforms) = postSolution
		{ED7BCBCC-BC13-4C2A-BB91-8CFCEE08F061}.Debug|Any CPU.ActiveCfg = Debug|Any CPU
		{ED7BCBCC-BC13-4C2A-BB91-8CFCEE08F061}.Debug|Any CPU.Build.0 = Debug|Any CPU
		{ED7BCBCC-BC13-4C2A-BB91-8CFCEE08F061}.Release|Any CPU.ActiveCfg = Release|Any CPU
		{ED7BCBCC-BC13-4C2A-BB91-8CFCEE08F061}.Release|Any CPU.Build.0 = Release|Any CPU
	EndGlobalSection
	GlobalSection(SolutionProperties) = preSolution
		HideSolutionNode = FALSE
	EndGlobalSection
	GlobalSection(ExtensibilityGlobals) = postSolution
		SolutionGuid = {F9B9A495-6F4A-47F7-8602-56D31D62E133}
	EndGlobalSection
EndGlobal
